
Microsoft Visual Studio Solution File, Format Version 12.00
# Visual Studio Version 16
VisualStudioVersion = 16.0.31112.23
MinimumVisualStudioVersion = 10.0.40219.1
Project("{2150E333-8FDC-42A3-9474-1A3956D46DE8}") = "src", "src", "{F82D25B1-861D-4777-BA4C-6C5E13874630}"
EndProject
Project("{2150E333-8FDC-42A3-9474-1A3956D46DE8}") = "Projects", "Projects", "{344F0B59-ED26-4404-B54A-B959C8435A8B}"
EndProject
Project("{2150E333-8FDC-42A3-9474-1A3956D46DE8}") = "Application", "Application", "{0FD9CAF9-0CE1-4D44-AA74-9E6AABE5A4BE}"
EndProject
Project("{9A19103F-16F7-4668-BE54-9A1E7A4F7556}") = "ApplicationCore", "src\Projects\Application\ApplicationCore\ApplicationCore.csproj", "{889303F5-2AFC-4C90-8402-A80A22BE7F18}"
EndProject
Project("{2150E333-8FDC-42A3-9474-1A3956D46DE8}") = "Test", "Test", "{F19902A2-E962-4293-A77A-89C0ABA6BF88}"
EndProject
Project("{9A19103F-16F7-4668-BE54-9A1E7A4F7556}") = "AutomationTests", "src\Test\AutomationTests\AutomationTests.csproj", "{B07EDC28-1C87-4F2A-AF26-D1BB6FC6E298}"
EndProject
Project("{9A19103F-16F7-4668-BE54-9A1E7A4F7556}") = "AutomationSupport", "src\Test\AutomationSupport\AutomationSupport.csproj", "{376E7730-A5D1-4935-8A68-14CE89D44A3A}"
EndProject
Global
	GlobalSection(SolutionConfigurationPlatforms) = preSolution
		Debug|Any CPU = Debug|Any CPU
		Release|Any CPU = Release|Any CPU
	EndGlobalSection
	GlobalSection(ProjectConfigurationPlatforms) = postSolution
		{889303F5-2AFC-4C90-8402-A80A22BE7F18}.Debug|Any CPU.ActiveCfg = Debug|Any CPU
		{889303F5-2AFC-4C90-8402-A80A22BE7F18}.Debug|Any CPU.Build.0 = Debug|Any CPU
		{889303F5-2AFC-4C90-8402-A80A22BE7F18}.Release|Any CPU.ActiveCfg = Release|Any CPU
		{889303F5-2AFC-4C90-8402-A80A22BE7F18}.Release|Any CPU.Build.0 = Release|Any CPU
		{B07EDC28-1C87-4F2A-AF26-D1BB6FC6E298}.Debug|Any CPU.ActiveCfg = Debug|Any CPU
		{B07EDC28-1C87-4F2A-AF26-D1BB6FC6E298}.Debug|Any CPU.Build.0 = Debug|Any CPU
		{B07EDC28-1C87-4F2A-AF26-D1BB6FC6E298}.Release|Any CPU.ActiveCfg = Release|Any CPU
		{B07EDC28-1C87-4F2A-AF26-D1BB6FC6E298}.Release|Any CPU.Build.0 = Release|Any CPU
		{376E7730-A5D1-4935-8A68-14CE89D44A3A}.Debug|Any CPU.ActiveCfg = Debug|Any CPU
		{376E7730-A5D1-4935-8A68-14CE89D44A3A}.Debug|Any CPU.Build.0 = Debug|Any CPU
		{376E7730-A5D1-4935-8A68-14CE89D44A3A}.Release|Any CPU.ActiveCfg = Release|Any CPU
		{376E7730-A5D1-4935-8A68-14CE89D44A3A}.Release|Any CPU.Build.0 = Release|Any CPU
	EndGlobalSection
	GlobalSection(SolutionProperties) = preSolution
		HideSolutionNode = FALSE
	EndGlobalSection
	GlobalSection(NestedProjects) = preSolution
		{344F0B59-ED26-4404-B54A-B959C8435A8B} = {F82D25B1-861D-4777-BA4C-6C5E13874630}
		{0FD9CAF9-0CE1-4D44-AA74-9E6AABE5A4BE} = {344F0B59-ED26-4404-B54A-B959C8435A8B}
		{889303F5-2AFC-4C90-8402-A80A22BE7F18} = {0FD9CAF9-0CE1-4D44-AA74-9E6AABE5A4BE}
		{F19902A2-E962-4293-A77A-89C0ABA6BF88} = {F82D25B1-861D-4777-BA4C-6C5E13874630}
		{B07EDC28-1C87-4F2A-AF26-D1BB6FC6E298} = {F19902A2-E962-4293-A77A-89C0ABA6BF88}
		{376E7730-A5D1-4935-8A68-14CE89D44A3A} = {F19902A2-E962-4293-A77A-89C0ABA6BF88}
	EndGlobalSection
	GlobalSection(ExtensibilityGlobals) = postSolution
		SolutionGuid = {975027B6-6643-4358-AB25-BB69F770F8A6}
	EndGlobalSection
EndGlobal
